// !$*UTF8*$!
{
	archiveVersion = 1;
	classes = {
	};
	objectVersion = 50;
	objects = {

/* Begin PBXBuildFile section */
		2BE57F8E24FE47FE0087A7A8 /* SPLarkController.swift in Sources */ = {isa = PBXBuildFile; fileRef = 2BE57F8224FE47FE0087A7A8 /* SPLarkController.swift */; };
		2BE57F8F24FE47FE0087A7A8 /* SPLarkSettingsCloseButton.swift in Sources */ = {isa = PBXBuildFile; fileRef = 2BE57F8424FE47FE0087A7A8 /* SPLarkSettingsCloseButton.swift */; };
		2BE57F9024FE47FE0087A7A8 /* SPLarkSettingsCollectionViewCell.swift in Sources */ = {isa = PBXBuildFile; fileRef = 2BE57F8524FE47FE0087A7A8 /* SPLarkSettingsCollectionViewCell.swift */; };
		2BE57F9124FE47FE0087A7A8 /* SPLarkSettingsController.swift in Sources */ = {isa = PBXBuildFile; fileRef = 2BE57F8624FE47FE0087A7A8 /* SPLarkSettingsController.swift */; };
		2BE57F9224FE47FE0087A7A8 /* SPLarkSettingsCollectionView.swift in Sources */ = {isa = PBXBuildFile; fileRef = 2BE57F8724FE47FE0087A7A8 /* SPLarkSettingsCollectionView.swift */; };
		2BE57F9324FE47FE0087A7A8 /* SPLarkPresentingAnimationController.swift in Sources */ = {isa = PBXBuildFile; fileRef = 2BE57F8924FE47FE0087A7A8 /* SPLarkPresentingAnimationController.swift */; };
		2BE57F9424FE47FE0087A7A8 /* SPLarkPresentationController.swift in Sources */ = {isa = PBXBuildFile; fileRef = 2BE57F8A24FE47FE0087A7A8 /* SPLarkPresentationController.swift */; };
		2BE57F9524FE47FE0087A7A8 /* SPLarkDismissingAnimationController.swift in Sources */ = {isa = PBXBuildFile; fileRef = 2BE57F8B24FE47FE0087A7A8 /* SPLarkDismissingAnimationController.swift */; };
		2BE57F9624FE47FE0087A7A8 /* SPLarkTransitioningDelegate.swift in Sources */ = {isa = PBXBuildFile; fileRef = 2BE57F8C24FE47FE0087A7A8 /* SPLarkTransitioningDelegate.swift */; };
		2BE57F9724FE47FE0087A7A8 /* SPLarkControllerExtenshion.swift in Sources */ = {isa = PBXBuildFile; fileRef = 2BE57F8D24FE47FE0087A7A8 /* SPLarkControllerExtenshion.swift */; };
		F462010722CFD397003A4330 /* AppDelegate.swift in Sources */ = {isa = PBXBuildFile; fileRef = F462010622CFD397003A4330 /* AppDelegate.swift */; };
		F462010B22CFD397003A4330 /* ViewController.swift in Sources */ = {isa = PBXBuildFile; fileRef = F462010A22CFD397003A4330 /* ViewController.swift */; };
		F462011022CFD399003A4330 /* Assets.xcassets in Resources */ = {isa = PBXBuildFile; fileRef = F462010F22CFD399003A4330 /* Assets.xcassets */; };
		F462011322CFD399003A4330 /* LaunchScreen.storyboard in Resources */ = {isa = PBXBuildFile; fileRef = F462011122CFD399003A4330 /* LaunchScreen.storyboard */; };
		F8DB9CF726467ABA0083A428 /* SPLarkSettingsHeaderView.swift in Sources */ = {isa = PBXBuildFile; fileRef = F8DB9CF626467ABA0083A428 /* SPLarkSettingsHeaderView.swift */; };
/* End PBXBuildFile section */

/* Begin PBXFileReference section */
		2BE57F8224FE47FE0087A7A8 /* SPLarkController.swift */ = {isa = PBXFileReference; fileEncoding = 4; lastKnownFileType = sourcecode.swift; path = SPLarkController.swift; sourceTree = "<group>"; };
		2BE57F8424FE47FE0087A7A8 /* SPLarkSettingsCloseButton.swift */ = {isa = PBXFileReference; fileEncoding = 4; lastKnownFileType = sourcecode.swift; path = SPLarkSettingsCloseButton.swift; sourceTree = "<group>"; };
		2BE57F8524FE47FE0087A7A8 /* SPLarkSettingsCollectionViewCell.swift */ = {isa = PBXFileReference; fileEncoding = 4; lastKnownFileType = sourcecode.swift; path = SPLarkSettingsCollectionViewCell.swift; sourceTree = "<group>"; };
		2BE57F8624FE47FE0087A7A8 /* SPLarkSettingsController.swift */ = {isa = PBXFileReference; fileEncoding = 4; lastKnownFileType = sourcecode.swift; path = SPLarkSettingsController.swift; sourceTree = "<group>"; };
		2BE57F8724FE47FE0087A7A8 /* SPLarkSettingsCollectionView.swift */ = {isa = PBXFileReference; fileEncoding = 4; lastKnownFileType = sourcecode.swift; path = SPLarkSettingsCollectionView.swift; sourceTree = "<group>"; };
		2BE57F8924FE47FE0087A7A8 /* SPLarkPresentingAnimationController.swift */ = {isa = PBXFileReference; fileEncoding = 4; lastKnownFileType = sourcecode.swift; path = SPLarkPresentingAnimationController.swift; sourceTree = "<group>"; };
		2BE57F8A24FE47FE0087A7A8 /* SPLarkPresentationController.swift */ = {isa = PBXFileReference; fileEncoding = 4; lastKnownFileType = sourcecode.swift; path = SPLarkPresentationController.swift; sourceTree = "<group>"; };
		2BE57F8B24FE47FE0087A7A8 /* SPLarkDismissingAnimationController.swift */ = {isa = PBXFileReference; fileEncoding = 4; lastKnownFileType = sourcecode.swift; path = SPLarkDismissingAnimationController.swift; sourceTree = "<group>"; };
		2BE57F8C24FE47FE0087A7A8 /* SPLarkTransitioningDelegate.swift */ = {isa = PBXFileReference; fileEncoding = 4; lastKnownFileType = sourcecode.swift; path = SPLarkTransitioningDelegate.swift; sourceTree = "<group>"; };
		2BE57F8D24FE47FE0087A7A8 /* SPLarkControllerExtenshion.swift */ = {isa = PBXFileReference; fileEncoding = 4; lastKnownFileType = sourcecode.swift; path = SPLarkControllerExtenshion.swift; sourceTree = "<group>"; };
		F462010322CFD397003A4330 /* lark-controller.app */ = {isa = PBXFileReference; explicitFileType = wrapper.application; includeInIndex = 0; path = "lark-controller.app"; sourceTree = BUILT_PRODUCTS_DIR; };
		F462010622CFD397003A4330 /* AppDelegate.swift */ = {isa = PBXFileReference; lastKnownFileType = sourcecode.swift; path = AppDelegate.swift; sourceTree = "<group>"; };
		F462010A22CFD397003A4330 /* ViewController.swift */ = {isa = PBXFileReference; lastKnownFileType = sourcecode.swift; path = ViewController.swift; sourceTree = "<group>"; };
		F462010F22CFD399003A4330 /* Assets.xcassets */ = {isa = PBXFileReference; lastKnownFileType = folder.assetcatalog; path = Assets.xcassets; sourceTree = "<group>"; };
		F462011222CFD399003A4330 /* Base */ = {isa = PBXFileReference; lastKnownFileType = file.storyboard; name = Base; path = Base.lproj/LaunchScreen.storyboard; sourceTree = "<group>"; };
		F462011422CFD399003A4330 /* Info.plist */ = {isa = PBXFileReference; lastKnownFileType = text.plist.xml; path = Info.plist; sourceTree = "<group>"; };
		F8DB9CF626467ABA0083A428 /* SPLarkSettingsHeaderView.swift */ = {isa = PBXFileReference; lastKnownFileType = sourcecode.swift; path = SPLarkSettingsHeaderView.swift; sourceTree = "<group>"; };
/* End PBXFileReference section */

/* Begin PBXFrameworksBuildPhase section */
		F462010022CFD397003A4330 /* Frameworks */ = {
			isa = PBXFrameworksBuildPhase;
			buildActionMask = 2147483647;
			files = (
			);
			runOnlyForDeploymentPostprocessing = 0;
		};
/* End PBXFrameworksBuildPhase section */

/* Begin PBXGroup section */
		2BE57F8124FE47FE0087A7A8 /* SPLarkController */ = {
			isa = PBXGroup;
			children = (
				2BE57F8224FE47FE0087A7A8 /* SPLarkController.swift */,
				2BE57F8324FE47FE0087A7A8 /* SettingsController */,
				2BE57F8824FE47FE0087A7A8 /* TransitioningDelegate */,
				2BE57F8D24FE47FE0087A7A8 /* SPLarkControllerExtenshion.swift */,
			);
			path = SPLarkController;
			sourceTree = "<group>";
		};
		2BE57F8324FE47FE0087A7A8 /* SettingsController */ = {
			isa = PBXGroup;
			children = (
				2BE57F8424FE47FE0087A7A8 /* SPLarkSettingsCloseButton.swift */,
				2BE57F8524FE47FE0087A7A8 /* SPLarkSettingsCollectionViewCell.swift */,
				2BE57F8624FE47FE0087A7A8 /* SPLarkSettingsController.swift */,
				2BE57F8724FE47FE0087A7A8 /* SPLarkSettingsCollectionView.swift */,
				F8DB9CF626467ABA0083A428 /* SPLarkSettingsHeaderView.swift */,
			);
			path = SettingsController;
			sourceTree = "<group>";
		};
		2BE57F8824FE47FE0087A7A8 /* TransitioningDelegate */ = {
			isa = PBXGroup;
			children = (
				2BE57F8924FE47FE0087A7A8 /* SPLarkPresentingAnimationController.swift */,
				2BE57F8A24FE47FE0087A7A8 /* SPLarkPresentationController.swift */,
				2BE57F8B24FE47FE0087A7A8 /* SPLarkDismissingAnimationController.swift */,
				2BE57F8C24FE47FE0087A7A8 /* SPLarkTransitioningDelegate.swift */,
			);
			path = TransitioningDelegate;
			sourceTree = "<group>";
		};
		F46200FA22CFD397003A4330 = {
			isa = PBXGroup;
			children = (
				F462010522CFD397003A4330 /* lark-controller */,
				F462010422CFD397003A4330 /* Products */,
			);
			sourceTree = "<group>";
		};
		F462010422CFD397003A4330 /* Products */ = {
			isa = PBXGroup;
			children = (
				F462010322CFD397003A4330 /* lark-controller.app */,
			);
			name = Products;
			sourceTree = "<group>";
		};
		F462010522CFD397003A4330 /* lark-controller */ = {
			isa = PBXGroup;
			children = (
				F462011A22CFD3DD003A4330 /* Frameworks */,
				F462010622CFD397003A4330 /* AppDelegate.swift */,
				F462010A22CFD397003A4330 /* ViewController.swift */,
				F462010F22CFD399003A4330 /* Assets.xcassets */,
				F462011122CFD399003A4330 /* LaunchScreen.storyboard */,
				F462011422CFD399003A4330 /* Info.plist */,
			);
			path = "lark-controller";
			sourceTree = "<group>";
		};
		F462011A22CFD3DD003A4330 /* Frameworks */ = {
			isa = PBXGroup;
			children = (
				2BE57F8124FE47FE0087A7A8 /* SPLarkController */,
			);
			path = Frameworks;
			sourceTree = "<group>";
		};
/* End PBXGroup section */

/* Begin PBXNativeTarget section */
		F462010222CFD397003A4330 /* lark-controller */ = {
			isa = PBXNativeTarget;
			buildConfigurationList = F462011722CFD399003A4330 /* Build configuration list for PBXNativeTarget "lark-controller" */;
			buildPhases = (
				F46200FF22CFD397003A4330 /* Sources */,
				F462010022CFD397003A4330 /* Frameworks */,
				F462010122CFD397003A4330 /* Resources */,
			);
			buildRules = (
			);
			dependencies = (
			);
			name = "lark-controller";
			productName = "lark-controller";
			productReference = F462010322CFD397003A4330 /* lark-controller.app */;
			productType = "com.apple.product-type.application";
		};
/* End PBXNativeTarget section */

/* Begin PBXProject section */
		F46200FB22CFD397003A4330 /* Project object */ = {
			isa = PBXProject;
			attributes = {
				LastSwiftUpdateCheck = 1100;
				LastUpgradeCheck = 1100;
				ORGANIZATIONNAME = "Ivan Vorobei";
				TargetAttributes = {
					F462010222CFD397003A4330 = {
						CreatedOnToolsVersion = 11.0;
					};
				};
			};
			buildConfigurationList = F46200FE22CFD397003A4330 /* Build configuration list for PBXProject "lark-controller" */;
			compatibilityVersion = "Xcode 9.3";
			developmentRegion = en;
			hasScannedForEncodings = 0;
			knownRegions = (
				en,
				Base,
			);
			mainGroup = F46200FA22CFD397003A4330;
			productRefGroup = F462010422CFD397003A4330 /* Products */;
			projectDirPath = "";
			projectRoot = "";
			targets = (
				F462010222CFD397003A4330 /* lark-controller */,
			);
		};
/* End PBXProject section */

/* Begin PBXResourcesBuildPhase section */
		F462010122CFD397003A4330 /* Resources */ = {
			isa = PBXResourcesBuildPhase;
			buildActionMask = 2147483647;
			files = (
				F462011322CFD399003A4330 /* LaunchScreen.storyboard in Resources */,
				F462011022CFD399003A4330 /* Assets.xcassets in Resources */,
			);
			runOnlyForDeploymentPostprocessing = 0;
		};
/* End PBXResourcesBuildPhase section */

/* Begin PBXSourcesBuildPhase section */
		F46200FF22CFD397003A4330 /* Sources */ = {
			isa = PBXSourcesBuildPhase;
			buildActionMask = 2147483647;
			files = (
				2BE57F9424FE47FE0087A7A8 /* SPLarkPresentationController.swift in Sources */,
				2BE57F9324FE47FE0087A7A8 /* SPLarkPresentingAnimationController.swift in Sources */,
				2BE57F9224FE47FE0087A7A8 /* SPLarkSettingsCollectionView.swift in Sources */,
				F8DB9CF726467ABA0083A428 /* SPLarkSettingsHeaderView.swift in Sources */,
				2BE57F9724FE47FE0087A7A8 /* SPLarkControllerExtenshion.swift in Sources */,
				F462010B22CFD397003A4330 /* ViewController.swift in Sources */,
				2BE57F9524FE47FE0087A7A8 /* SPLarkDismissingAnimationController.swift in Sources */,
				2BE57F8E24FE47FE0087A7A8 /* SPLarkController.swift in Sources */,
				F462010722CFD397003A4330 /* AppDelegate.swift in Sources */,
				2BE57F9124FE47FE0087A7A8 /* SPLarkSettingsController.swift in Sources */,
				2BE57F9624FE47FE0087A7A8 /* SPLarkTransitioningDelegate.swift in Sources */,
				2BE57F9024FE47FE0087A7A8 /* SPLarkSettingsCollectionViewCell.swift in Sources */,
				2BE57F8F24FE47FE0087A7A8 /* SPLarkSettingsCloseButton.swift in Sources */,
			);
			runOnlyForDeploymentPostprocessing = 0;
		};
/* End PBXSourcesBuildPhase section */

/* Begin PBXVariantGroup section */
		F462011122CFD399003A4330 /* LaunchScreen.storyboard */ = {
			isa = PBXVariantGroup;
			children = (
				F462011222CFD399003A4330 /* Base */,
			);
			name = LaunchScreen.storyboard;
			sourceTree = "<group>";
		};
/* End PBXVariantGroup section */

/* Begin XCBuildConfiguration section */
		F462011522CFD399003A4330 /* Debug */ = {
			isa = XCBuildConfiguration;
			buildSettings = {
				ALWAYS_SEARCH_USER_PATHS = NO;
				CLANG_ANALYZER_NONNULL = YES;
				CLANG_ANALYZER_NUMBER_OBJECT_CONVERSION = YES_AGGRESSIVE;
				CLANG_CXX_LANGUAGE_STANDARD = "gnu++14";
				CLANG_CXX_LIBRARY = "libc++";
				CLANG_ENABLE_MODULES = YES;
				CLANG_ENABLE_OBJC_ARC = YES;
				CLANG_ENABLE_OBJC_WEAK = YES;
				CLANG_WARN_BLOCK_CAPTURE_AUTORELEASING = YES;
				CLANG_WARN_BOOL_CONVERSION = YES;
				CLANG_WARN_COMMA = YES;
				CLANG_WARN_CONSTANT_CONVERSION = YES;
				CLANG_WARN_DEPRECATED_OBJC_IMPLEMENTATIONS = YES;
				CLANG_WARN_DIRECT_OBJC_ISA_USAGE = YES_ERROR;
				CLANG_WARN_DOCUMENTATION_COMMENTS = YES;
				CLANG_WARN_EMPTY_BODY = YES;
				CLANG_WARN_ENUM_CONVERSION = YES;
				CLANG_WARN_INFINITE_RECURSION = YES;
				CLANG_WARN_INT_CONVERSION = YES;
				CLANG_WARN_NON_LITERAL_NULL_CONVERSION = YES;
				CLANG_WARN_OBJC_IMPLICIT_RETAIN_SELF = YES;
				CLANG_WARN_OBJC_LITERAL_CONVERSION = YES;
				CLANG_WARN_OBJC_ROOT_CLASS = YES_ERROR;
				CLANG_WARN_RANGE_LOOP_ANALYSIS = YES;
				CLANG_WARN_STRICT_PROTOTYPES = YES;
				CLANG_WARN_SUSPICIOUS_MOVE = YES;
				CLANG_WARN_UNGUARDED_AVAILABILITY = YES_AGGRESSIVE;
				CLANG_WARN_UNREACHABLE_CODE = YES;
				CLANG_WARN__DUPLICATE_METHOD_MATCH = YES;
				COPY_PHASE_STRIP = NO;
				DEBUG_INFORMATION_FORMAT = dwarf;
				ENABLE_STRICT_OBJC_MSGSEND = YES;
				ENABLE_TESTABILITY = YES;
				GCC_C_LANGUAGE_STANDARD = gnu11;
				GCC_DYNAMIC_NO_PIC = NO;
				GCC_NO_COMMON_BLOCKS = YES;
				GCC_OPTIMIZATION_LEVEL = 0;
				GCC_PREPROCESSOR_DEFINITIONS = (
					"DEBUG=1",
					"$(inherited)",
				);
				GCC_WARN_64_TO_32_BIT_CONVERSION = YES;
				GCC_WARN_ABOUT_RETURN_TYPE = YES_ERROR;
				GCC_WARN_UNDECLARED_SELECTOR = YES;
				GCC_WARN_UNINITIALIZED_AUTOS = YES_AGGRESSIVE;
				GCC_WARN_UNUSED_FUNCTION = YES;
				GCC_WARN_UNUSED_VARIABLE = YES;
				IPHONEOS_DEPLOYMENT_TARGET = 13.0;
				MTL_ENABLE_DEBUG_INFO = INCLUDE_SOURCE;
				MTL_FAST_MATH = YES;
				ONLY_ACTIVE_ARCH = YES;
				SDKROOT = iphoneos;
				SWIFT_ACTIVE_COMPILATION_CONDITIONS = DEBUG;
				SWIFT_OPTIMIZATION_LEVEL = "-Onone";
			};
			name = Debug;
		};
		F462011622CFD399003A4330 /* Release */ = {
			isa = XCBuildConfiguration;
			buildSettings = {
				ALWAYS_SEARCH_USER_PATHS = NO;
				CLANG_ANALYZER_NONNULL = YES;
				CLANG_ANALYZER_NUMBER_OBJECT_CONVERSION = YES_AGGRESSIVE;
				CLANG_CXX_LANGUAGE_STANDARD = "gnu++14";
				CLANG_CXX_LIBRARY = "libc++";
				CLANG_ENABLE_MODULES = YES;
				CLANG_ENABLE_OBJC_ARC = YES;
				CLANG_ENABLE_OBJC_WEAK = YES;
				CLANG_WARN_BLOCK_CAPTURE_AUTORELEASING = YES;
				CLANG_WARN_BOOL_CONVERSION = YES;
				CLANG_WARN_COMMA = YES;
				CLANG_WARN_CONSTANT_CONVERSION = YES;
				CLANG_WARN_DEPRECATED_OBJC_IMPLEMENTATIONS = YES;
				CLANG_WARN_DIRECT_OBJC_ISA_USAGE = YES_ERROR;
				CLANG_WARN_DOCUMENTATION_COMMENTS = YES;
				CLANG_WARN_EMPTY_BODY = YES;
				CLANG_WARN_ENUM_CONVERSION = YES;
				CLANG_WARN_INFINITE_RECURSION = YES;
				CLANG_WARN_INT_CONVERSION = YES;
				CLANG_WARN_NON_LITERAL_NULL_CONVERSION = YES;
				CLANG_WARN_OBJC_IMPLICIT_RETAIN_SELF = YES;
				CLANG_WARN_OBJC_LITERAL_CONVERSION = YES;
				CLANG_WARN_OBJC_ROOT_CLASS = YES_ERROR;
				CLANG_WARN_RANGE_LOOP_ANALYSIS = YES;
				CLANG_WARN_STRICT_PROTOTYPES = YES;
				CLANG_WARN_SUSPICIOUS_MOVE = YES;
				CLANG_WARN_UNGUARDED_AVAILABILITY = YES_AGGRESSIVE;
				CLANG_WARN_UNREACHABLE_CODE = YES;
				CLANG_WARN__DUPLICATE_METHOD_MATCH = YES;
				COPY_PHASE_STRIP = NO;
				DEBUG_INFORMATION_FORMAT = "dwarf-with-dsym";
				ENABLE_NS_ASSERTIONS = NO;
				ENABLE_STRICT_OBJC_MSGSEND = YES;
				GCC_C_LANGUAGE_STANDARD = gnu11;
				GCC_NO_COMMON_BLOCKS = YES;
				GCC_WARN_64_TO_32_BIT_CONVERSION = YES;
				GCC_WARN_ABOUT_RETURN_TYPE = YES_ERROR;
				GCC_WARN_UNDECLARED_SELECTOR = YES;
				GCC_WARN_UNINITIALIZED_AUTOS = YES_AGGRESSIVE;
				GCC_WARN_UNUSED_FUNCTION = YES;
				GCC_WARN_UNUSED_VARIABLE = YES;
				IPHONEOS_DEPLOYMENT_TARGET = 13.0;
				MTL_ENABLE_DEBUG_INFO = NO;
				MTL_FAST_MATH = YES;
				SDKROOT = iphoneos;
				SWIFT_COMPILATION_MODE = wholemodule;
				SWIFT_OPTIMIZATION_LEVEL = "-O";
				VALIDATE_PRODUCT = YES;
			};
			name = Release;
		};
		F462011822CFD399003A4330 /* Debug */ = {
			isa = XCBuildConfiguration;
			buildSettings = {
				ASSETCATALOG_COMPILER_APPICON_NAME = AppIcon;
				CODE_SIGN_STYLE = Automatic;
				DEVELOPMENT_TEAM = 8JMTA2AAF3;
				INFOPLIST_FILE = "lark-controller/Info.plist";
				IPHONEOS_DEPLOYMENT_TARGET = 13.0;
				LD_RUNPATH_SEARCH_PATHS = (
					"$(inherited)",
					"@executable_path/Frameworks",
				);
				PRODUCT_BUNDLE_IDENTIFIER = "by.ivanvorobei.lark-controller";
				PRODUCT_NAME = "$(TARGET_NAME)";
				SWIFT_VERSION = 5.0;
				TARGETED_DEVICE_FAMILY = 1;
			};
			name = Debug;
		};
		F462011922CFD399003A4330 /* Release */ = {
			isa = XCBuildConfiguration;
			buildSettings = {
				ASSETCATALOG_COMPILER_APPICON_NAME = AppIcon;
				CODE_SIGN_STYLE = Automatic;
				DEVELOPMENT_TEAM = 8JMTA2AAF3;
				INFOPLIST_FILE = "lark-controller/Info.plist";
				IPHONEOS_DEPLOYMENT_TARGET = 13.0;
				LD_RUNPATH_SEARCH_PATHS = (
					"$(inherited)",
					"@executable_path/Frameworks",
				);
				PRODUCT_BUNDLE_IDENTIFIER = "by.ivanvorobei.lark-controller";
				PRODUCT_NAME = "$(TARGET_NAME)";
				SWIFT_VERSION = 5.0;
				TARGETED_DEVICE_FAMILY = 1;
			};
			name = Release;
		};
/* End XCBuildConfiguration section */

/* Begin XCConfigurationList section */
		F46200FE22CFD397003A4330 /* Build configuration list for PBXProject "lark-controller" */ = {
			isa = XCConfigurationList;
			buildConfigurations = (
				F462011522CFD399003A4330 /* Debug */,
				F462011622CFD399003A4330 /* Release */,
			);
			defaultConfigurationIsVisible = 0;
			defaultConfigurationName = Release;
		};
		F462011722CFD399003A4330 /* Build configuration list for PBXNativeTarget "lark-controller" */ = {
			isa = XCConfigurationList;
			buildConfigurations = (
				F462011822CFD399003A4330 /* Debug */,
				F462011922CFD399003A4330 /* Release */,
			);
			defaultConfigurationIsVisible = 0;
			defaultConfigurationName = Release;
		};
/* End XCConfigurationList section */
	};
	rootObject = F46200FB22CFD397003A4330 /* Project object */;
}
